# This file is automatically @generated by Cargo.
# It is not intended for manual editing.
version = 3

[[package]]
name = "async-bok"
version = "0.1.0"
dependencies = [
 "futures-preview",
]

[[package]]
name = "futures-channel-preview"
version = "0.3.0-alpha.17"
source = "registry+https://github.com/rust-lang/crates.io-index"
checksum = "21c71ed547606de08e9ae744bb3c6d80f5627527ef31ecf2a7210d0e67bc8fae"
dependencies = [
 "futures-core-preview",
 "futures-sink-preview",
]

[[package]]
name = "futures-core-preview"
version = "0.3.0-alpha.17"
source = "registry+https://github.com/rust-lang/crates.io-index"
checksum = "4b141ccf9b7601ef987f36f1c0d9522f76df3bba1cf2e63bfacccc044c4558f5"

[[package]]
name = "futures-executor-preview"
version = "0.3.0-alpha.17"
source = "registry+https://github.com/rust-lang/crates.io-index"
checksum = "87ba260fe51080ba37f063ad5b0732c4ff1f737ea18dcb67833d282cdc2c6f14"
dependencies = [
 "futures-channel-preview",
 "futures-core-preview",
 "futures-util-preview",
 "num_cpus",
]

[[package]]
name = "futures-io-preview"
version = "0.3.0-alpha.17"
source = "registry+https://github.com/rust-lang/crates.io-index"
checksum = "082e402605fcb8b1ae1e5ba7d7fdfd3e31ef510e2a8367dd92927bb41ae41b3a"

[[package]]
name = "futures-preview"
version = "0.3.0-alpha.17"
source = "registry+https://github.com/rust-lang/crates.io-index"
checksum = "bf25f91c8a9a1f64c451e91b43ba269ed359b9f52d35ed4b3ce3f9c842435867"
dependencies = [
 "futures-channel-preview",
 "futures-core-preview",
 "futures-executor-preview",
 "futures-io-preview",
 "futures-sink-preview",
 "futures-util-preview",
]

[[package]]
name = "futures-sink-preview"
version = "0.3.0-alpha.17"
source = "registry+https://github.com/rust-lang/crates.io-index"
checksum = "4309a25a1069a1f3c10647b227b9afe6722b67a030d3f00a9cbdc171fc038de4"
dependencies = [
 "futures-core-preview",
]

[[package]]
name = "futures-util-preview"
version = "0.3.0-alpha.17"
source = "registry+https://github.com/rust-lang/crates.io-index"
checksum = "af8198c48b222f02326940ce2b3aa9e6e91a32886eeaad7ca3b8e4c70daa3f4e"
dependencies = [
 "futures-channel-preview",
 "futures-core-preview",
 "futures-io-preview",
 "futures-sink-preview",
 "memchr",
 "pin-utils",
 "slab",
]

[[package]]
name = "hermit-abi"
version = "0.1.19"
source = "registry+https://github.com/rust-lang/crates.io-index"
checksum = "62b467343b94ba476dcb2500d242dadbb39557df889310ac77c5d99100aaac33"
dependencies = [
 "libc",
]

[[package]]
name = "libc"
version = "0.2.119"
source = "registry+https://github.com/rust-lang/crates.io-index"
checksum = "1bf2e165bb3457c8e098ea76f3e3bc9db55f87aa90d52d0e6be741470916aaa4"

[[package]]
name = "memchr"
version = "2.4.1"
source = "registry+https://github.com/rust-lang/crates.io-index"
checksum = "308cc39be01b73d0d18f82a0e7b2a3df85245f84af96fdddc5d202d27e47b86a"

[[package]]
name = "num_cpus"
version = "1.13.1"
source = "registry+https://github.com/rust-lang/crates.io-index"
checksum = "19e64526ebdee182341572e50e9ad03965aa510cd94427a4549448f285e957a1"
dependencies = [
 "hermit-abi",
 "libc",
]

[[package]]
name = "pin-utils"
version = "0.1.0"
source = "registry+https://github.com/rust-lang/crates.io-index"
checksum = "8b870d8c151b6f2fb93e84a13146138f05d02ed11c7e7c54f8826aaaf7c9f184"

[[package]]
name = "slab"
version = "0.4.5"
source = "registry+https://github.com/rust-lang/crates.io-index"
checksum = "9def91fd1e018fe007022791f865d0ccc9b3a0d5001e01aabb8b40e46000afb5"
